
Microsoft Visual Studio Solution File, Format Version 12.00
# Visual Studio Version 16
VisualStudioVersion = 16.0.810.17
MinimumVisualStudioVersion = 10.0.40219.1
Project("{FAE04EC0-301F-11D3-BF4B-00C04F79EFBC}") = "SampleApp.iOS", "SampleApp.iOS\SampleApp.iOS.csproj", "{2ACF4F2F-6F14-44CC-9328-E87EF587108C}"
EndProject
Project("{FAE04EC0-301F-11D3-BF4B-00C04F79EFBC}") = "SampleApp", "SampleApp\SampleApp.csproj", "{0EAC236B-F67D-4624-A182-F024A1AC3AB6}"
EndProject
Global
	GlobalSection(SolutionConfigurationPlatforms) = preSolution
		Debug|iPhoneSimulator = Debug|iPhoneSimulator
		Release|iPhoneSimulator = Release|iPhoneSimulator
		Debug|iPhone = Debug|iPhone
		Release|iPhone = Release|iPhone
		Debug|Any CPU = Debug|Any CPU
		Release|Any CPU = Release|Any CPU
	EndGlobalSection
	GlobalSection(ProjectConfigurationPlatforms) = postSolution
		{2ACF4F2F-6F14-44CC-9328-E87EF587108C}.Debug|iPhoneSimulator.ActiveCfg = Debug|iPhoneSimulator
		{2ACF4F2F-6F14-44CC-9328-E87EF587108C}.Debug|iPhoneSimulator.Build.0 = Debug|iPhoneSimulator
		{2ACF4F2F-6F14-44CC-9328-E87EF587108C}.Release|iPhoneSimulator.ActiveCfg = Release|iPhoneSimulator
		{2ACF4F2F-6F14-44CC-9328-E87EF587108C}.Release|iPhoneSimulator.Build.0 = Release|iPhoneSimulator
		{2ACF4F2F-6F14-44CC-9328-E87EF587108C}.Debug|iPhone.ActiveCfg = Debug|iPhone
		{2ACF4F2F-6F14-44CC-9328-E87EF587108C}.Debug|iPhone.Build.0 = Debug|iPhone
		{2ACF4F2F-6F14-44CC-9328-E87EF587108C}.Release|iPhone.ActiveCfg = Release|iPhone
		{2ACF4F2F-6F14-44CC-9328-E87EF587108C}.Release|iPhone.Build.0 = Release|iPhone
		{2ACF4F2F-6F14-44CC-9328-E87EF587108C}.Debug|Any CPU.ActiveCfg = Debug|iPhoneSimulator
		{2ACF4F2F-6F14-44CC-9328-E87EF587108C}.Debug|Any CPU.Build.0 = Debug|iPhoneSimulator
		{2ACF4F2F-6F14-44CC-9328-E87EF587108C}.Release|Any CPU.ActiveCfg = Release|iPhoneSimulator
		{2ACF4F2F-6F14-44CC-9328-E87EF587108C}.Release|Any CPU.Build.0 = Release|iPhoneSimulator
		{0EAC236B-F67D-4624-A182-F024A1AC3AB6}.Debug|iPhoneSimulator.ActiveCfg = Debug|Any CPU
		{0EAC236B-F67D-4624-A182-F024A1AC3AB6}.Debug|iPhoneSimulator.Build.0 = Debug|Any CPU
		{0EAC236B-F67D-4624-A182-F024A1AC3AB6}.Release|iPhoneSimulator.ActiveCfg = Release|Any CPU
		{0EAC236B-F67D-4624-A182-F024A1AC3AB6}.Release|iPhoneSimulator.Build.0 = Release|Any CPU
		{0EAC236B-F67D-4624-A182-F024A1AC3AB6}.Debug|iPhone.ActiveCfg = Debug|Any CPU
		{0EAC236B-F67D-4624-A182-F024A1AC3AB6}.Debug|iPhone.Build.0 = Debug|Any CPU
		{0EAC236B-F67D-4624-A182-F024A1AC3AB6}.Release|iPhone.ActiveCfg = Release|Any CPU
		{0EAC236B-F67D-4624-A182-F024A1AC3AB6}.Release|iPhone.Build.0 = Release|Any CPU
		{0EAC236B-F67D-4624-A182-F024A1AC3AB6}.Debug|Any CPU.ActiveCfg = Debug|Any CPU
		{0EAC236B-F67D-4624-A182-F024A1AC3AB6}.Debug|Any CPU.Build.0 = Debug|Any CPU
		{0EAC236B-F67D-4624-A182-F024A1AC3AB6}.Release|Any CPU.ActiveCfg = Release|Any CPU
		{0EAC236B-F67D-4624-A182-F024A1AC3AB6}.Release|Any CPU.Build.0 = Release|Any CPU
	EndGlobalSection
	GlobalSection(SolutionProperties) = preSolution
		HideSolutionNode = FALSE
	EndGlobalSection
	GlobalSection(ExtensibilityGlobals) = postSolution
		SolutionGuid = {E91BC86D-C2A6-4B20-BE23-787E4294D393}
	EndGlobalSection
EndGlobal
